
Microsoft Visual Studio Solution File, Format Version 12.00
# Visual Studio 15
VisualStudioVersion = 15.0.28010.2048
MinimumVisualStudioVersion = 10.0.40219.1
Project("{9A19103F-16F7-4668-BE54-9A1E7A4F7556}") = "SignalR.Sample.Server", "SignalR.Sample.Server\SignalR.Sample.Server.csproj", "{603467C4-3EF1-42BF-B548-5DE472DD740E}"
EndProject
Project("{FAE04EC0-301F-11D3-BF4B-00C04F79EFBC}") = "SignalR.Sample.Client", "SignalR.Sample.Client\SignalR.Sample.Client.csproj", "{E1B2BCA4-4B7F-4B2F-8BA0-CB5494816730}"
EndProject
Global
	GlobalSection(SolutionConfigurationPlatforms) = preSolution
		Debug|Any CPU = Debug|Any CPU
		Release|Any CPU = Release|Any CPU
	EndGlobalSection
	GlobalSection(ProjectConfigurationPlatforms) = postSolution
		{603467C4-3EF1-42BF-B548-5DE472DD740E}.Debug|Any CPU.ActiveCfg = Debug|Any CPU
		{603467C4-3EF1-42BF-B548-5DE472DD740E}.Debug|Any CPU.Build.0 = Debug|Any CPU
		{603467C4-3EF1-42BF-B548-5DE472DD740E}.Release|Any CPU.ActiveCfg = Release|Any CPU
		{603467C4-3EF1-42BF-B548-5DE472DD740E}.Release|Any CPU.Build.0 = Release|Any CPU
		{E1B2BCA4-4B7F-4B2F-8BA0-CB5494816730}.Debug|Any CPU.ActiveCfg = Debug|Any CPU
		{E1B2BCA4-4B7F-4B2F-8BA0-CB5494816730}.Debug|Any CPU.Build.0 = Debug|Any CPU
		{E1B2BCA4-4B7F-4B2F-8BA0-CB5494816730}.Release|Any CPU.ActiveCfg = Release|Any CPU
		{E1B2BCA4-4B7F-4B2F-8BA0-CB5494816730}.Release|Any CPU.Build.0 = Release|Any CPU
	EndGlobalSection
	GlobalSection(SolutionProperties) = preSolution
		HideSolutionNode = FALSE
	EndGlobalSection
	GlobalSection(ExtensibilityGlobals) = postSolution
		SolutionGuid = {1F983128-6A5B-406B-9FBD-0C6C8299C056}
	EndGlobalSection
EndGlobal
